// !$*UTF8*$!
{
	archiveVersion = 1;
	classes = {
	};
	objectVersion = 56;
	objects = {

/* Begin PBXBuildFile section */
		D28D22102989317200FC5BDF /* AppDelegate.swift in Sources */ = {isa = PBXBuildFile; fileRef = D28D220F2989317200FC5BDF /* AppDelegate.swift */; };
		D28D22122989317200FC5BDF /* SceneDelegate.swift in Sources */ = {isa = PBXBuildFile; fileRef = D28D22112989317200FC5BDF /* SceneDelegate.swift */; };
		D28D22172989317200FC5BDF /* Main.storyboard in Resources */ = {isa = PBXBuildFile; fileRef = D28D22152989317200FC5BDF /* Main.storyboard */; };
		D28D22192989317300FC5BDF /* Assets.xcassets in Resources */ = {isa = PBXBuildFile; fileRef = D28D22182989317300FC5BDF /* Assets.xcassets */; };
		D28D221C2989317300FC5BDF /* LaunchScreen.storyboard in Resources */ = {isa = PBXBuildFile; fileRef = D28D221A2989317300FC5BDF /* LaunchScreen.storyboard */; };
		D28D2224298932EC00FC5BDF /* EmojiTableViewController.swift in Sources */ = {isa = PBXBuildFile; fileRef = D28D2223298932EC00FC5BDF /* EmojiTableViewController.swift */; };
		D28D22262989330000FC5BDF /* EmojiTableViewCell.swift in Sources */ = {isa = PBXBuildFile; fileRef = D28D22252989330000FC5BDF /* EmojiTableViewCell.swift */; };
		D28D222A2989350300FC5BDF /* Emoji.swift in Sources */ = {isa = PBXBuildFile; fileRef = D28D22292989350300FC5BDF /* Emoji.swift */; };
		D28D222D298946AB00FC5BDF /* AddTableViewController.swift in Sources */ = {isa = PBXBuildFile; fileRef = D28D222C298946AB00FC5BDF /* AddTableViewController.swift */; };
/* End PBXBuildFile section */

/* Begin PBXFileReference section */
		D28D220C2989317200FC5BDF /* EmojiTable.app */ = {isa = PBXFileReference; explicitFileType = wrapper.application; includeInIndex = 0; path = EmojiTable.app; sourceTree = BUILT_PRODUCTS_DIR; };
		D28D220F2989317200FC5BDF /* AppDelegate.swift */ = {isa = PBXFileReference; lastKnownFileType = sourcecode.swift; path = AppDelegate.swift; sourceTree = "<group>"; };
		D28D22112989317200FC5BDF /* SceneDelegate.swift */ = {isa = PBXFileReference; lastKnownFileType = sourcecode.swift; path = SceneDelegate.swift; sourceTree = "<group>"; };
		D28D22162989317200FC5BDF /* Base */ = {isa = PBXFileReference; lastKnownFileType = file.storyboard; name = Base; path = Base.lproj/Main.storyboard; sourceTree = "<group>"; };
		D28D22182989317300FC5BDF /* Assets.xcassets */ = {isa = PBXFileReference; lastKnownFileType = folder.assetcatalog; path = Assets.xcassets; sourceTree = "<group>"; };
		D28D221B2989317300FC5BDF /* Base */ = {isa = PBXFileReference; lastKnownFileType = file.storyboard; name = Base; path = Base.lproj/LaunchScreen.storyboard; sourceTree = "<group>"; };
		D28D221D2989317300FC5BDF /* Info.plist */ = {isa = PBXFileReference; lastKnownFileType = text.plist.xml; path = Info.plist; sourceTree = "<group>"; };
		D28D2223298932EC00FC5BDF /* EmojiTableViewController.swift */ = {isa = PBXFileReference; lastKnownFileType = sourcecode.swift; path = EmojiTableViewController.swift; sourceTree = "<group>"; };
		D28D22252989330000FC5BDF /* EmojiTableViewCell.swift */ = {isa = PBXFileReference; lastKnownFileType = sourcecode.swift; path = EmojiTableViewCell.swift; sourceTree = "<group>"; };
		D28D22292989350300FC5BDF /* Emoji.swift */ = {isa = PBXFileReference; lastKnownFileType = sourcecode.swift; path = Emoji.swift; sourceTree = "<group>"; };
		D28D222C298946AB00FC5BDF /* AddTableViewController.swift */ = {isa = PBXFileReference; lastKnownFileType = sourcecode.swift; path = AddTableViewController.swift; sourceTree = "<group>"; };
/* End PBXFileReference section */

/* Begin PBXFrameworksBuildPhase section */
		D28D22092989317200FC5BDF /* Frameworks */ = {
			isa = PBXFrameworksBuildPhase;
			buildActionMask = 2147483647;
			files = (
			);
			runOnlyForDeploymentPostprocessing = 0;
		};
/* End PBXFrameworksBuildPhase section */

/* Begin PBXGroup section */
		D28D22032989317200FC5BDF = {
			isa = PBXGroup;
			children = (
				D28D220E2989317200FC5BDF /* EmojiTable */,
				D28D220D2989317200FC5BDF /* Products */,
			);
			sourceTree = "<group>";
		};
		D28D220D2989317200FC5BDF /* Products */ = {
			isa = PBXGroup;
			children = (
				D28D220C2989317200FC5BDF /* EmojiTable.app */,
			);
			name = Products;
			sourceTree = "<group>";
		};
		D28D220E2989317200FC5BDF /* EmojiTable */ = {
			isa = PBXGroup;
			children = (
				D28D220F2989317200FC5BDF /* AppDelegate.swift */,
				D28D22112989317200FC5BDF /* SceneDelegate.swift */,
				D28D222B2989350700FC5BDF /* Model */,
				D28D22272989330500FC5BDF /* ViewController */,
				D28D22282989331C00FC5BDF /* StoryBoard */,
				D28D22182989317300FC5BDF /* Assets.xcassets */,
				D28D221D2989317300FC5BDF /* Info.plist */,
			);
			path = EmojiTable;
			sourceTree = "<group>";
		};
		D28D22272989330500FC5BDF /* ViewController */ = {
			isa = PBXGroup;
			children = (
				D28D2223298932EC00FC5BDF /* EmojiTableViewController.swift */,
				D28D22252989330000FC5BDF /* EmojiTableViewCell.swift */,
				D28D222C298946AB00FC5BDF /* AddTableViewController.swift */,
			);
			path = ViewController;
			sourceTree = "<group>";
		};
		D28D22282989331C00FC5BDF /* StoryBoard */ = {
			isa = PBXGroup;
			children = (
				D28D22152989317200FC5BDF /* Main.storyboard */,
				D28D221A2989317300FC5BDF /* LaunchScreen.storyboard */,
			);
			path = StoryBoard;
			sourceTree = "<group>";
		};
		D28D222B2989350700FC5BDF /* Model */ = {
			isa = PBXGroup;
			children = (
				D28D22292989350300FC5BDF /* Emoji.swift */,
			);
			path = Model;
			sourceTree = "<group>";
		};
/* End PBXGroup section */

/* Begin PBXNativeTarget section */
		D28D220B2989317200FC5BDF /* EmojiTable */ = {
			isa = PBXNativeTarget;
			buildConfigurationList = D28D22202989317300FC5BDF /* Build configuration list for PBXNativeTarget "EmojiTable" */;
			buildPhases = (
				D28D22082989317200FC5BDF /* Sources */,
				D28D22092989317200FC5BDF /* Frameworks */,
				D28D220A2989317200FC5BDF /* Resources */,
			);
			buildRules = (
			);
			dependencies = (
			);
			name = EmojiTable;
			productName = EmojiTable;
			productReference = D28D220C2989317200FC5BDF /* EmojiTable.app */;
			productType = "com.apple.product-type.application";
		};
/* End PBXNativeTarget section */

/* Begin PBXProject section */
		D28D22042989317200FC5BDF /* Project object */ = {
			isa = PBXProject;
			attributes = {
				BuildIndependentTargetsInParallel = 1;
				LastSwiftUpdateCheck = 1420;
				LastUpgradeCheck = 1420;
				TargetAttributes = {
					D28D220B2989317200FC5BDF = {
						CreatedOnToolsVersion = 14.2;
					};
				};
			};
			buildConfigurationList = D28D22072989317200FC5BDF /* Build configuration list for PBXProject "EmojiTable" */;
			compatibilityVersion = "Xcode 14.0";
			developmentRegion = en;
			hasScannedForEncodings = 0;
			knownRegions = (
				en,
				Base,
			);
			mainGroup = D28D22032989317200FC5BDF;
			productRefGroup = D28D220D2989317200FC5BDF /* Products */;
			projectDirPath = "";
			projectRoot = "";
			targets = (
				D28D220B2989317200FC5BDF /* EmojiTable */,
			);
		};
/* End PBXProject section */

/* Begin PBXResourcesBuildPhase section */
		D28D220A2989317200FC5BDF /* Resources */ = {
			isa = PBXResourcesBuildPhase;
			buildActionMask = 2147483647;
			files = (
				D28D221C2989317300FC5BDF /* LaunchScreen.storyboard in Resources */,
				D28D22192989317300FC5BDF /* Assets.xcassets in Resources */,
				D28D22172989317200FC5BDF /* Main.storyboard in Resources */,
			);
			runOnlyForDeploymentPostprocessing = 0;
		};
/* End PBXResourcesBuildPhase section */

/* Begin PBXSourcesBuildPhase section */
		D28D22082989317200FC5BDF /* Sources */ = {
			isa = PBXSourcesBuildPhase;
			buildActionMask = 2147483647;
			files = (
				D28D222A2989350300FC5BDF /* Emoji.swift in Sources */,
				D28D22102989317200FC5BDF /* AppDelegate.swift in Sources */,
				D28D2224298932EC00FC5BDF /* EmojiTableViewController.swift in Sources */,
				D28D22262989330000FC5BDF /* EmojiTableViewCell.swift in Sources */,
				D28D22122989317200FC5BDF /* SceneDelegate.swift in Sources */,
				D28D222D298946AB00FC5BDF /* AddTableViewController.swift in Sources */,
			);
			runOnlyForDeploymentPostprocessing = 0;
		};
/* End PBXSourcesBuildPhase section */

/* Begin PBXVariantGroup section */
		D28D22152989317200FC5BDF /* Main.storyboard */ = {
			isa = PBXVariantGroup;
			children = (
				D28D22162989317200FC5BDF /* Base */,
			);
			name = Main.storyboard;
			sourceTree = "<group>";
		};
		D28D221A2989317300FC5BDF /* LaunchScreen.storyboard */ = {
			isa = PBXVariantGroup;
			children = (
				D28D221B2989317300FC5BDF /* Base */,
			);
			name = LaunchScreen.storyboard;
			sourceTree = "<group>";
		};
/* End PBXVariantGroup section */

/* Begin XCBuildConfiguration section */
		D28D221E2989317300FC5BDF /* Debug */ = {
			isa = XCBuildConfiguration;
			buildSettings = {
				ALWAYS_SEARCH_USER_PATHS = NO;
				CLANG_ANALYZER_NONNULL = YES;
				CLANG_ANALYZER_NUMBER_OBJECT_CONVERSION = YES_AGGRESSIVE;
				CLANG_CXX_LANGUAGE_STANDARD = "gnu++20";
				CLANG_ENABLE_MODULES = YES;
				CLANG_ENABLE_OBJC_ARC = YES;
				CLANG_ENABLE_OBJC_WEAK = YES;
				CLANG_WARN_BLOCK_CAPTURE_AUTORELEASING = YES;
				CLANG_WARN_BOOL_CONVERSION = YES;
				CLANG_WARN_COMMA = YES;
				CLANG_WARN_CONSTANT_CONVERSION = YES;
				CLANG_WARN_DEPRECATED_OBJC_IMPLEMENTATIONS = YES;
				CLANG_WARN_DIRECT_OBJC_ISA_USAGE = YES_ERROR;
				CLANG_WARN_DOCUMENTATION_COMMENTS = YES;
				CLANG_WARN_EMPTY_BODY = YES;
				CLANG_WARN_ENUM_CONVERSION = YES;
				CLANG_WARN_INFINITE_RECURSION = YES;
				CLANG_WARN_INT_CONVERSION = YES;
				CLANG_WARN_NON_LITERAL_NULL_CONVERSION = YES;
				CLANG_WARN_OBJC_IMPLICIT_RETAIN_SELF = YES;
				CLANG_WARN_OBJC_LITERAL_CONVERSION = YES;
				CLANG_WARN_OBJC_ROOT_CLASS = YES_ERROR;
				CLANG_WARN_QUOTED_INCLUDE_IN_FRAMEWORK_HEADER = YES;
				CLANG_WARN_RANGE_LOOP_ANALYSIS = YES;
				CLANG_WARN_STRICT_PROTOTYPES = YES;
				CLANG_WARN_SUSPICIOUS_MOVE = YES;
				CLANG_WARN_UNGUARDED_AVAILABILITY = YES_AGGRESSIVE;
				CLANG_WARN_UNREACHABLE_CODE = YES;
				CLANG_WARN__DUPLICATE_METHOD_MATCH = YES;
				COPY_PHASE_STRIP = NO;
				DEBUG_INFORMATION_FORMAT = dwarf;
				ENABLE_STRICT_OBJC_MSGSEND = YES;
				ENABLE_TESTABILITY = YES;
				GCC_C_LANGUAGE_STANDARD = gnu11;
				GCC_DYNAMIC_NO_PIC = NO;
				GCC_NO_COMMON_BLOCKS = YES;
				GCC_OPTIMIZATION_LEVEL = 0;
				GCC_PREPROCESSOR_DEFINITIONS = (
					"DEBUG=1",
					"$(inherited)",
				);
				GCC_WARN_64_TO_32_BIT_CONVERSION = YES;
				GCC_WARN_ABOUT_RETURN_TYPE = YES_ERROR;
				GCC_WARN_UNDECLARED_SELECTOR = YES;
				GCC_WARN_UNINITIALIZED_AUTOS = YES_AGGRESSIVE;
				GCC_WARN_UNUSED_FUNCTION = YES;
				GCC_WARN_UNUSED_VARIABLE = YES;
				IPHONEOS_DEPLOYMENT_TARGET = 16.2;
				MTL_ENABLE_DEBUG_INFO = INCLUDE_SOURCE;
				MTL_FAST_MATH = YES;
				ONLY_ACTIVE_ARCH = YES;
				SDKROOT = iphoneos;
				SWIFT_ACTIVE_COMPILATION_CONDITIONS = DEBUG;
				SWIFT_OPTIMIZATION_LEVEL = "-Onone";
			};
			name = Debug;
		};
		D28D221F2989317300FC5BDF /* Release */ = {
			isa = XCBuildConfiguration;
			buildSettings = {
				ALWAYS_SEARCH_USER_PATHS = NO;
				CLANG_ANALYZER_NONNULL = YES;
				CLANG_ANALYZER_NUMBER_OBJECT_CONVERSION = YES_AGGRESSIVE;
				CLANG_CXX_LANGUAGE_STANDARD = "gnu++20";
				CLANG_ENABLE_MODULES = YES;
				CLANG_ENABLE_OBJC_ARC = YES;
				CLANG_ENABLE_OBJC_WEAK = YES;
				CLANG_WARN_BLOCK_CAPTURE_AUTORELEASING = YES;
				CLANG_WARN_BOOL_CONVERSION = YES;
				CLANG_WARN_COMMA = YES;
				CLANG_WARN_CONSTANT_CONVERSION = YES;
				CLANG_WARN_DEPRECATED_OBJC_IMPLEMENTATIONS = YES;
				CLANG_WARN_DIRECT_OBJC_ISA_USAGE = YES_ERROR;
				CLANG_WARN_DOCUMENTATION_COMMENTS = YES;
				CLANG_WARN_EMPTY_BODY = YES;
				CLANG_WARN_ENUM_CONVERSION = YES;
				CLANG_WARN_INFINITE_RECURSION = YES;
				CLANG_WARN_INT_CONVERSION = YES;
				CLANG_WARN_NON_LITERAL_NULL_CONVERSION = YES;
				CLANG_WARN_OBJC_IMPLICIT_RETAIN_SELF = YES;
				CLANG_WARN_OBJC_LITERAL_CONVERSION = YES;
				CLANG_WARN_OBJC_ROOT_CLASS = YES_ERROR;
				CLANG_WARN_QUOTED_INCLUDE_IN_FRAMEWORK_HEADER = YES;
				CLANG_WARN_RANGE_LOOP_ANALYSIS = YES;
				CLANG_WARN_STRICT_PROTOTYPES = YES;
				CLANG_WARN_SUSPICIOUS_MOVE = YES;
				CLANG_WARN_UNGUARDED_AVAILABILITY = YES_AGGRESSIVE;
				CLANG_WARN_UNREACHABLE_CODE = YES;
				CLANG_WARN__DUPLICATE_METHOD_MATCH = YES;
				COPY_PHASE_STRIP = NO;
				DEBUG_INFORMATION_FORMAT = "dwarf-with-dsym";
				ENABLE_NS_ASSERTIONS = NO;
				ENABLE_STRICT_OBJC_MSGSEND = YES;
				GCC_C_LANGUAGE_STANDARD = gnu11;
				GCC_NO_COMMON_BLOCKS = YES;
				GCC_WARN_64_TO_32_BIT_CONVERSION = YES;
				GCC_WARN_ABOUT_RETURN_TYPE = YES_ERROR;
				GCC_WARN_UNDECLARED_SELECTOR = YES;
				GCC_WARN_UNINITIALIZED_AUTOS = YES_AGGRESSIVE;
				GCC_WARN_UNUSED_FUNCTION = YES;
				GCC_WARN_UNUSED_VARIABLE = YES;
				IPHONEOS_DEPLOYMENT_TARGET = 16.2;
				MTL_ENABLE_DEBUG_INFO = NO;
				MTL_FAST_MATH = YES;
				SDKROOT = iphoneos;
				SWIFT_COMPILATION_MODE = wholemodule;
				SWIFT_OPTIMIZATION_LEVEL = "-O";
				VALIDATE_PRODUCT = YES;
			};
			name = Release;
		};
		D28D22212989317300FC5BDF /* Debug */ = {
			isa = XCBuildConfiguration;
			buildSettings = {
				ASSETCATALOG_COMPILER_APPICON_NAME = AppIcon;
				ASSETCATALOG_COMPILER_GLOBAL_ACCENT_COLOR_NAME = AccentColor;
				CODE_SIGN_STYLE = Automatic;
				CURRENT_PROJECT_VERSION = 1;
				DEVELOPMENT_TEAM = BPFBUHPQ39;
				GENERATE_INFOPLIST_FILE = YES;
				INFOPLIST_FILE = EmojiTable/Info.plist;
				INFOPLIST_KEY_UIApplicationSupportsIndirectInputEvents = YES;
				INFOPLIST_KEY_UILaunchStoryboardName = LaunchScreen;
				INFOPLIST_KEY_UIMainStoryboardFile = Main;
				INFOPLIST_KEY_UISupportedInterfaceOrientations_iPad = "UIInterfaceOrientationPortrait UIInterfaceOrientationPortraitUpsideDown UIInterfaceOrientationLandscapeLeft UIInterfaceOrientationLandscapeRight";
				INFOPLIST_KEY_UISupportedInterfaceOrientations_iPhone = "UIInterfaceOrientationPortrait UIInterfaceOrientationLandscapeLeft UIInterfaceOrientationLandscapeRight";
				IPHONEOS_DEPLOYMENT_TARGET = 15.0;
				LD_RUNPATH_SEARCH_PATHS = (
					"$(inherited)",
					"@executable_path/Frameworks",
				);
				MARKETING_VERSION = 1.0;
				PRODUCT_BUNDLE_IDENTIFIER = "Yury-Lebedev.EmojiTable";
				PRODUCT_NAME = "$(TARGET_NAME)";
				SUPPORTED_PLATFORMS = "iphoneos iphonesimulator";
				SUPPORTS_MACCATALYST = NO;
				SUPPORTS_MAC_DESIGNED_FOR_IPHONE_IPAD = NO;
				SWIFT_EMIT_LOC_STRINGS = YES;
				SWIFT_VERSION = 5.0;
				TARGETED_DEVICE_FAMILY = 1;
			};
			name = Debug;
		};
		D28D22222989317300FC5BDF /* Release */ = {
			isa = XCBuildConfiguration;
			buildSettings = {
				ASSETCATALOG_COMPILER_APPICON_NAME = AppIcon;
				ASSETCATALOG_COMPILER_GLOBAL_ACCENT_COLOR_NAME = AccentColor;
				CODE_SIGN_STYLE = Automatic;
				CURRENT_PROJECT_VERSION = 1;
				DEVELOPMENT_TEAM = BPFBUHPQ39;
				GENERATE_INFOPLIST_FILE = YES;
				INFOPLIST_FILE = EmojiTable/Info.plist;
				INFOPLIST_KEY_UIApplicationSupportsIndirectInputEvents = YES;
				INFOPLIST_KEY_UILaunchStoryboardName = LaunchScreen;
				INFOPLIST_KEY_UIMainStoryboardFile = Main;
				INFOPLIST_KEY_UISupportedInterfaceOrientations_iPad = "UIInterfaceOrientationPortrait UIInterfaceOrientationPortraitUpsideDown UIInterfaceOrientationLandscapeLeft UIInterfaceOrientationLandscapeRight";
				INFOPLIST_KEY_UISupportedInterfaceOrientations_iPhone = "UIInterfaceOrientationPortrait UIInterfaceOrientationLandscapeLeft UIInterfaceOrientationLandscapeRight";
				IPHONEOS_DEPLOYMENT_TARGET = 15.0;
				LD_RUNPATH_SEARCH_PATHS = (
					"$(inherited)",
					"@executable_path/Frameworks",
				);
				MARKETING_VERSION = 1.0;
				PRODUCT_BUNDLE_IDENTIFIER = "Yury-Lebedev.EmojiTable";
				PRODUCT_NAME = "$(TARGET_NAME)";
				SUPPORTED_PLATFORMS = "iphoneos iphonesimulator";
				SUPPORTS_MACCATALYST = NO;
				SUPPORTS_MAC_DESIGNED_FOR_IPHONE_IPAD = NO;
				SWIFT_EMIT_LOC_STRINGS = YES;
				SWIFT_VERSION = 5.0;
				TARGETED_DEVICE_FAMILY = 1;
			};
			name = Release;
		};
/* End XCBuildConfiguration section */

/* Begin XCConfigurationList section */
		D28D22072989317200FC5BDF /* Build configuration list for PBXProject "EmojiTable" */ = {
			isa = XCConfigurationList;
			buildConfigurations = (
				D28D221E2989317300FC5BDF /* Debug */,
				D28D221F2989317300FC5BDF /* Release */,
			);
			defaultConfigurationIsVisible = 0;
			defaultConfigurationName = Release;
		};
		D28D22202989317300FC5BDF /* Build configuration list for PBXNativeTarget "EmojiTable" */ = {
			isa = XCConfigurationList;
			buildConfigurations = (
				D28D22212989317300FC5BDF /* Debug */,
				D28D22222989317300FC5BDF /* Release */,
			);
			defaultConfigurationIsVisible = 0;
			defaultConfigurationName = Release;
		};
/* End XCConfigurationList section */
	};
	rootObject = D28D22042989317200FC5BDF /* Project object */;
}
